// !$*UTF8*$!
{
	archiveVersion = 1;
	classes = {
	};
	objectVersion = 56;
	objects = {

/* Begin PBXBuildFile section */
		272423D32AD677F9001748AC /* API.swift in Sources */ = {isa = PBXBuildFile; fileRef = 272423D22AD677F9001748AC /* API.swift */; };
		279F2CFD2AC8276600FEA9D8 /* SwiftProtobuf in Frameworks */ = {isa = PBXBuildFile; productRef = 279F2CFC2AC8276600FEA9D8 /* SwiftProtobuf */; };
		279F2CFF2AC8276600FEA9D8 /* SwiftProtobufPluginLibrary in Frameworks */ = {isa = PBXBuildFile; productRef = 279F2CFE2AC8276600FEA9D8 /* SwiftProtobufPluginLibrary */; };
		279F2D012AC8276600FEA9D8 /* protoc-gen-swift in Frameworks */ = {isa = PBXBuildFile; productRef = 279F2D002AC8276600FEA9D8 /* protoc-gen-swift */; };
		279F2D222AC8364500FEA9D8 /* grpc-swift-config.json in Resources */ = {isa = PBXBuildFile; fileRef = 279F2D202AC8364500FEA9D8 /* grpc-swift-config.json */; };
		279F2D232AC8364500FEA9D8 /* swift-protobuf-config.json in Resources */ = {isa = PBXBuildFile; fileRef = 279F2D212AC8364500FEA9D8 /* swift-protobuf-config.json */; };
		279F2D272AC8398A00FEA9D8 /* Localizable.xcstrings in Resources */ = {isa = PBXBuildFile; fileRef = 279F2D262AC8398A00FEA9D8 /* Localizable.xcstrings */; };
		27ED7C7A2AD3B6540069F24C /* AccountView.swift in Sources */ = {isa = PBXBuildFile; fileRef = 27ED7C792AD3B6540069F24C /* AccountView.swift */; };
		76C15CBF2AD82AB300614902 /* LoginViewModel.swift in Sources */ = {isa = PBXBuildFile; fileRef = 76C15CBE2AD82AB300614902 /* LoginViewModel.swift */; };
		F50DE2B12ADCB8680016D0B6 /* AvatarView.swift in Sources */ = {isa = PBXBuildFile; fileRef = F50DE2B02ADCB8680016D0B6 /* AvatarView.swift */; };
		F5145E712AD5388E001860E0 /* ProjectCreateEditView.swift in Sources */ = {isa = PBXBuildFile; fileRef = F5145E702AD5388E001860E0 /* ProjectCreateEditView.swift */; };
		F5145E7B2AD57863001860E0 /* AddPaperView.swift in Sources */ = {isa = PBXBuildFile; fileRef = F5145E7A2AD57863001860E0 /* AddPaperView.swift */; };
		F5145E7F2AD58275001860E0 /* AddPaperByURLView.swift in Sources */ = {isa = PBXBuildFile; fileRef = F5145E7E2AD58275001860E0 /* AddPaperByURLView.swift */; };
		F5145E832AD58332001860E0 /* ImageTitleDialog.swift in Sources */ = {isa = PBXBuildFile; fileRef = F5145E822AD58332001860E0 /* ImageTitleDialog.swift */; };
		F5145E852AD59172001860E0 /* NewPaperInfoView.swift in Sources */ = {isa = PBXBuildFile; fileRef = F5145E842AD59172001860E0 /* NewPaperInfoView.swift */; };
		F517100D2ADD690A002E2D79 /* TimerView.swift in Sources */ = {isa = PBXBuildFile; fileRef = F517100C2ADD690A002E2D79 /* TimerView.swift */; };
		F51710112ADD78AC002E2D79 /* HighlighterColor.swift in Sources */ = {isa = PBXBuildFile; fileRef = F51710102ADD78AC002E2D79 /* HighlighterColor.swift */; };
		F53D81402AC02A7A00865B80 /* Project.swift in Sources */ = {isa = PBXBuildFile; fileRef = F53D813F2AC02A7A00865B80 /* Project.swift */; };
		F53D81422AC02AF800865B80 /* Paper.swift in Sources */ = {isa = PBXBuildFile; fileRef = F53D81412AC02AF800865B80 /* Paper.swift */; };
		F53D81442AC02C6500865B80 /* ModelData.swift in Sources */ = {isa = PBXBuildFile; fileRef = F53D81432AC02C6500865B80 /* ModelData.swift */; };
		F53D81462AC038A700865B80 /* TagView.swift in Sources */ = {isa = PBXBuildFile; fileRef = F53D81452AC038A700865B80 /* TagView.swift */; };
		F53D81492AC1369200865B80 /* PDFKitView.swift in Sources */ = {isa = PBXBuildFile; fileRef = F53D81482AC1369200865B80 /* PDFKitView.swift */; };
		F53D814B2AC1385300865B80 /* PaperReader.swift in Sources */ = {isa = PBXBuildFile; fileRef = F53D814A2AC1385300865B80 /* PaperReader.swift */; };
		F53EA70E2ADFCDC900B97EB0 /* Pasteboard.swift in Sources */ = {isa = PBXBuildFile; fileRef = F53EA70D2ADFCDC900B97EB0 /* Pasteboard.swift */; };
		F53EA7102ADFCEC300B97EB0 /* URL.swift in Sources */ = {isa = PBXBuildFile; fileRef = F53EA70F2ADFCEC300B97EB0 /* URL.swift */; };
		F53EA7142ADFD91C00B97EB0 /* LaunchScreen.storyboard in Resources */ = {isa = PBXBuildFile; fileRef = F53EA7132ADFD91C00B97EB0 /* LaunchScreen.storyboard */; platformFilter = ios; };
		F547D0DD2AC52A6F006D2216 /* SwiftUIFlow in Frameworks */ = {isa = PBXBuildFile; productRef = F547D0DC2AC52A6F006D2216 /* SwiftUIFlow */; };
		F547D0E62AC56F89006D2216 /* EditableText.swift in Sources */ = {isa = PBXBuildFile; fileRef = F547D0E52AC56F89006D2216 /* EditableText.swift */; };
		F578D8212AD78ABE00322819 /* PDFOutlineView.swift in Sources */ = {isa = PBXBuildFile; fileRef = F578D8202AD78ABE00322819 /* PDFOutlineView.swift */; };
		F59AD1032ACB0CA200DFABCC /* AddTagView.swift in Sources */ = {isa = PBXBuildFile; fileRef = F59AD1022ACB0CA200DFABCC /* AddTagView.swift */; };
		F5B2A8962ADE2C1C0088428C /* NetworkingError.swift in Sources */ = {isa = PBXBuildFile; fileRef = F5B2A8952ADE2C1C0088428C /* NetworkingError.swift */; };
		F5B2A89C2ADEE4410088428C /* DownloadViewModel.swift in Sources */ = {isa = PBXBuildFile; fileRef = F5B2A89B2ADEE4410088428C /* DownloadViewModel.swift */; };
		F5C379002AC41EDA00C88C94 /* CGRPCZlib in Frameworks */ = {isa = PBXBuildFile; productRef = F5C378FF2AC41EDA00C88C94 /* CGRPCZlib */; };
		F5C379022AC41EDA00C88C94 /* GRPC in Frameworks */ = {isa = PBXBuildFile; productRef = F5C379012AC41EDA00C88C94 /* GRPC */; };
		F5C379042AC41EDA00C88C94 /* protoc-gen-grpc-swift in Frameworks */ = {isa = PBXBuildFile; productRef = F5C379032AC41EDA00C88C94 /* protoc-gen-grpc-swift */; };
		F5C379092AC44BFF00C88C94 /* PaperInfo.swift in Sources */ = {isa = PBXBuildFile; fileRef = F5C379082AC44BFF00C88C94 /* PaperInfo.swift */; };
		F5CF43342ADC1FB6004F1A16 /* WindowManagement in Frameworks */ = {isa = PBXBuildFile; platformFilters = (macos, ); productRef = F5CF43332ADC1FB6004F1A16 /* WindowManagement */; settings = {ATTRIBUTES = (Required, ); }; };
		F5CF43402ADC4361004F1A16 /* PaperReaderContent.swift in Sources */ = {isa = PBXBuildFile; fileRef = F5CF433F2ADC4361004F1A16 /* PaperReaderContent.swift */; };
		F5D8EEED2AD42D5100501B0E /* LoginView.swift in Sources */ = {isa = PBXBuildFile; fileRef = F5D8EEEC2AD42D5100501B0E /* LoginView.swift */; };
		F5D8EEF42AD4559300501B0E /* SimpleCodable in Frameworks */ = {isa = PBXBuildFile; productRef = F5D8EEF32AD4559300501B0E /* SimpleCodable */; };
		F5D8EF012AD4F62E00501B0E /* AppStorageKey.swift in Sources */ = {isa = PBXBuildFile; fileRef = F5D8EF002AD4F62E00501B0E /* AppStorageKey.swift */; };
		F5E4B2A82ADB81F000F50EDA /* Bookmark.swift in Sources */ = {isa = PBXBuildFile; fileRef = F5E4B2A72ADB81F000F50EDA /* Bookmark.swift */; };
		F5EBC0B22ABFD98E00B2B4A3 /* PaperPilotApp.swift in Sources */ = {isa = PBXBuildFile; fileRef = F5EBC0B12ABFD98E00B2B4A3 /* PaperPilotApp.swift */; };
		F5EBC0B42ABFD98E00B2B4A3 /* ContentView.swift in Sources */ = {isa = PBXBuildFile; fileRef = F5EBC0B32ABFD98E00B2B4A3 /* ContentView.swift */; };
		F5EBC0B62ABFD99000B2B4A3 /* Assets.xcassets in Resources */ = {isa = PBXBuildFile; fileRef = F5EBC0B52ABFD99000B2B4A3 /* Assets.xcassets */; };
		F5EBC0BA2ABFD99000B2B4A3 /* Preview Assets.xcassets in Resources */ = {isa = PBXBuildFile; fileRef = F5EBC0B92ABFD99000B2B4A3 /* Preview Assets.xcassets */; };
		F5EBC0C52ABFE19600B2B4A3 /* ProjectDetail.swift in Sources */ = {isa = PBXBuildFile; fileRef = F5EBC0C42ABFE19600B2B4A3 /* ProjectDetail.swift */; };
		F5FDF8E32AD6CA08001D9460 /* PDFReader.swift in Sources */ = {isa = PBXBuildFile; fileRef = F5FDF8E22AD6CA08001D9460 /* PDFReader.swift */; };
		F5FDF8E72AD6D968001D9460 /* PDFKitThumbnailView.swift in Sources */ = {isa = PBXBuildFile; fileRef = F5FDF8E62AD6D968001D9460 /* PDFKitThumbnailView.swift */; };
		F5FDF8ED2AD6DDB3001D9460 /* sample.pdf in Resources */ = {isa = PBXBuildFile; fileRef = F5FDF8EC2AD6DDB3001D9460 /* sample.pdf */; };
/* End PBXBuildFile section */

/* Begin PBXFileReference section */
		272423D22AD677F9001748AC /* API.swift */ = {isa = PBXFileReference; lastKnownFileType = sourcecode.swift; path = API.swift; sourceTree = "<group>"; };
		27293A652AD2CE2500A98E13 /* team.xcconfig */ = {isa = PBXFileReference; lastKnownFileType = text.xcconfig; path = team.xcconfig; sourceTree = "<group>"; };
		279F2D202AC8364500FEA9D8 /* grpc-swift-config.json */ = {isa = PBXFileReference; fileEncoding = 4; lastKnownFileType = text.json; path = "grpc-swift-config.json"; sourceTree = "<group>"; };
		279F2D212AC8364500FEA9D8 /* swift-protobuf-config.json */ = {isa = PBXFileReference; fileEncoding = 4; lastKnownFileType = text.json; path = "swift-protobuf-config.json"; sourceTree = "<group>"; };
		279F2D262AC8398A00FEA9D8 /* Localizable.xcstrings */ = {isa = PBXFileReference; lastKnownFileType = text.json.xcstrings; path = Localizable.xcstrings; sourceTree = "<group>"; };
		27ED7C792AD3B6540069F24C /* AccountView.swift */ = {isa = PBXFileReference; lastKnownFileType = sourcecode.swift; path = AccountView.swift; sourceTree = "<group>"; };
		76C15CBE2AD82AB300614902 /* LoginViewModel.swift */ = {isa = PBXFileReference; lastKnownFileType = sourcecode.swift; path = LoginViewModel.swift; sourceTree = "<group>"; };
		F50DE2B02ADCB8680016D0B6 /* AvatarView.swift */ = {isa = PBXFileReference; lastKnownFileType = sourcecode.swift; path = AvatarView.swift; sourceTree = "<group>"; };
		F5145E702AD5388E001860E0 /* ProjectCreateEditView.swift */ = {isa = PBXFileReference; lastKnownFileType = sourcecode.swift; path = ProjectCreateEditView.swift; sourceTree = "<group>"; };
		F5145E7A2AD57863001860E0 /* AddPaperView.swift */ = {isa = PBXFileReference; lastKnownFileType = sourcecode.swift; path = AddPaperView.swift; sourceTree = "<group>"; };
		F5145E7E2AD58275001860E0 /* AddPaperByURLView.swift */ = {isa = PBXFileReference; lastKnownFileType = sourcecode.swift; path = AddPaperByURLView.swift; sourceTree = "<group>"; };
		F5145E822AD58332001860E0 /* ImageTitleDialog.swift */ = {isa = PBXFileReference; lastKnownFileType = sourcecode.swift; path = ImageTitleDialog.swift; sourceTree = "<group>"; };
		F5145E842AD59172001860E0 /* NewPaperInfoView.swift */ = {isa = PBXFileReference; lastKnownFileType = sourcecode.swift; path = NewPaperInfoView.swift; sourceTree = "<group>"; };
		F517100C2ADD690A002E2D79 /* TimerView.swift */ = {isa = PBXFileReference; lastKnownFileType = sourcecode.swift; path = TimerView.swift; sourceTree = "<group>"; };
		F51710102ADD78AC002E2D79 /* HighlighterColor.swift */ = {isa = PBXFileReference; lastKnownFileType = sourcecode.swift; path = HighlighterColor.swift; sourceTree = "<group>"; };
		F51A90C02AC19A5A00C26598 /* PaperPilot.entitlements */ = {isa = PBXFileReference; fileEncoding = 4; lastKnownFileType = text.plist.entitlements; path = PaperPilot.entitlements; sourceTree = "<group>"; };
		F53D813F2AC02A7A00865B80 /* Project.swift */ = {isa = PBXFileReference; lastKnownFileType = sourcecode.swift; path = Project.swift; sourceTree = "<group>"; };
		F53D81412AC02AF800865B80 /* Paper.swift */ = {isa = PBXFileReference; lastKnownFileType = sourcecode.swift; path = Paper.swift; sourceTree = "<group>"; };
		F53D81432AC02C6500865B80 /* ModelData.swift */ = {isa = PBXFileReference; lastKnownFileType = sourcecode.swift; path = ModelData.swift; sourceTree = "<group>"; };
		F53D81452AC038A700865B80 /* TagView.swift */ = {isa = PBXFileReference; lastKnownFileType = sourcecode.swift; path = TagView.swift; sourceTree = "<group>"; };
		F53D81482AC1369200865B80 /* PDFKitView.swift */ = {isa = PBXFileReference; lastKnownFileType = sourcecode.swift; path = PDFKitView.swift; sourceTree = "<group>"; };
		F53D814A2AC1385300865B80 /* PaperReader.swift */ = {isa = PBXFileReference; lastKnownFileType = sourcecode.swift; path = PaperReader.swift; sourceTree = "<group>"; };
		F53EA70D2ADFCDC900B97EB0 /* Pasteboard.swift */ = {isa = PBXFileReference; lastKnownFileType = sourcecode.swift; path = Pasteboard.swift; sourceTree = "<group>"; };
		F53EA70F2ADFCEC300B97EB0 /* URL.swift */ = {isa = PBXFileReference; lastKnownFileType = sourcecode.swift; path = URL.swift; sourceTree = "<group>"; };
		F53EA7132ADFD91C00B97EB0 /* LaunchScreen.storyboard */ = {isa = PBXFileReference; lastKnownFileType = file.storyboard; path = LaunchScreen.storyboard; sourceTree = "<group>"; };
		F547D0E52AC56F89006D2216 /* EditableText.swift */ = {isa = PBXFileReference; lastKnownFileType = sourcecode.swift; path = EditableText.swift; sourceTree = "<group>"; };
		F578D8202AD78ABE00322819 /* PDFOutlineView.swift */ = {isa = PBXFileReference; lastKnownFileType = sourcecode.swift; path = PDFOutlineView.swift; sourceTree = "<group>"; };
		F578D8242AD7B1F800322819 /* Info.plist */ = {isa = PBXFileReference; lastKnownFileType = text.plist; path = Info.plist; sourceTree = "<group>"; };
		F59AD1022ACB0CA200DFABCC /* AddTagView.swift */ = {isa = PBXFileReference; lastKnownFileType = sourcecode.swift; path = AddTagView.swift; sourceTree = "<group>"; };
		F5B2A8952ADE2C1C0088428C /* NetworkingError.swift */ = {isa = PBXFileReference; lastKnownFileType = sourcecode.swift; path = NetworkingError.swift; sourceTree = "<group>"; };
		F5B2A89B2ADEE4410088428C /* DownloadViewModel.swift */ = {isa = PBXFileReference; lastKnownFileType = sourcecode.swift; path = DownloadViewModel.swift; sourceTree = "<group>"; };
		F5C379082AC44BFF00C88C94 /* PaperInfo.swift */ = {isa = PBXFileReference; lastKnownFileType = sourcecode.swift; path = PaperInfo.swift; sourceTree = "<group>"; };
		F5CF433F2ADC4361004F1A16 /* PaperReaderContent.swift */ = {isa = PBXFileReference; lastKnownFileType = sourcecode.swift; path = PaperReaderContent.swift; sourceTree = "<group>"; };
		F5D8EEEC2AD42D5100501B0E /* LoginView.swift */ = {isa = PBXFileReference; lastKnownFileType = sourcecode.swift; path = LoginView.swift; sourceTree = "<group>"; };
		F5D8EF002AD4F62E00501B0E /* AppStorageKey.swift */ = {isa = PBXFileReference; lastKnownFileType = sourcecode.swift; path = AppStorageKey.swift; sourceTree = "<group>"; };
		F5E4B2A72ADB81F000F50EDA /* Bookmark.swift */ = {isa = PBXFileReference; lastKnownFileType = sourcecode.swift; path = Bookmark.swift; sourceTree = "<group>"; };
		F5EBC0AE2ABFD98E00B2B4A3 /* PaperPilot.app */ = {isa = PBXFileReference; explicitFileType = wrapper.application; includeInIndex = 0; path = PaperPilot.app; sourceTree = BUILT_PRODUCTS_DIR; };
		F5EBC0B12ABFD98E00B2B4A3 /* PaperPilotApp.swift */ = {isa = PBXFileReference; lastKnownFileType = sourcecode.swift; path = PaperPilotApp.swift; sourceTree = "<group>"; };
		F5EBC0B32ABFD98E00B2B4A3 /* ContentView.swift */ = {isa = PBXFileReference; lastKnownFileType = sourcecode.swift; path = ContentView.swift; sourceTree = "<group>"; };
		F5EBC0B52ABFD99000B2B4A3 /* Assets.xcassets */ = {isa = PBXFileReference; lastKnownFileType = folder.assetcatalog; path = Assets.xcassets; sourceTree = "<group>"; };
		F5EBC0B92ABFD99000B2B4A3 /* Preview Assets.xcassets */ = {isa = PBXFileReference; lastKnownFileType = folder.assetcatalog; path = "Preview Assets.xcassets"; sourceTree = "<group>"; };
		F5EBC0C42ABFE19600B2B4A3 /* ProjectDetail.swift */ = {isa = PBXFileReference; lastKnownFileType = sourcecode.swift; path = ProjectDetail.swift; sourceTree = "<group>"; };
		F5FDF8E22AD6CA08001D9460 /* PDFReader.swift */ = {isa = PBXFileReference; lastKnownFileType = sourcecode.swift; path = PDFReader.swift; sourceTree = "<group>"; };
		F5FDF8E62AD6D968001D9460 /* PDFKitThumbnailView.swift */ = {isa = PBXFileReference; lastKnownFileType = sourcecode.swift; path = PDFKitThumbnailView.swift; sourceTree = "<group>"; };
		F5FDF8EC2AD6DDB3001D9460 /* sample.pdf */ = {isa = PBXFileReference; lastKnownFileType = image.pdf; path = sample.pdf; sourceTree = "<group>"; };
/* End PBXFileReference section */

/* Begin PBXFrameworksBuildPhase section */
		F5EBC0AB2ABFD98E00B2B4A3 /* Frameworks */ = {
			isa = PBXFrameworksBuildPhase;
			buildActionMask = 2147483647;
			files = (
				279F2CFF2AC8276600FEA9D8 /* SwiftProtobufPluginLibrary in Frameworks */,
				F5D8EEF42AD4559300501B0E /* SimpleCodable in Frameworks */,
				F5C379022AC41EDA00C88C94 /* GRPC in Frameworks */,
				F5CF43342ADC1FB6004F1A16 /* WindowManagement in Frameworks */,
				F5C379002AC41EDA00C88C94 /* CGRPCZlib in Frameworks */,
				F547D0DD2AC52A6F006D2216 /* SwiftUIFlow in Frameworks */,
				279F2CFD2AC8276600FEA9D8 /* SwiftProtobuf in Frameworks */,
				F5C379042AC41EDA00C88C94 /* protoc-gen-grpc-swift in Frameworks */,
				279F2D012AC8276600FEA9D8 /* protoc-gen-swift in Frameworks */,
			);
			runOnlyForDeploymentPostprocessing = 0;
		};
/* End PBXFrameworksBuildPhase section */

/* Begin PBXGroup section */
		272423CF2AD677A8001748AC /* API */ = {
			isa = PBXGroup;
			children = (
				272423D22AD677F9001748AC /* API.swift */,
			);
			path = API;
			sourceTree = "<group>";
		};
		279F2D1F2AC8364500FEA9D8 /* proto */ = {
			isa = PBXGroup;
			children = (
				279F2D202AC8364500FEA9D8 /* grpc-swift-config.json */,
				279F2D212AC8364500FEA9D8 /* swift-protobuf-config.json */,
			);
			path = proto;
			sourceTree = "<group>";
		};
		76C15CB92AD82A9500614902 /* ViewModel */ = {
			isa = PBXGroup;
			children = (
				76C15CBE2AD82AB300614902 /* LoginViewModel.swift */,
				F5B2A89B2ADEE4410088428C /* DownloadViewModel.swift */,
			);
			path = ViewModel;
			sourceTree = "<group>";
		};
		F53D813E2AC02A6B00865B80 /* Models */ = {
			isa = PBXGroup;
			children = (
				F53D813F2AC02A7A00865B80 /* Project.swift */,
				F53D81412AC02AF800865B80 /* Paper.swift */,
				F5E4B2A72ADB81F000F50EDA /* Bookmark.swift */,
				F53D81432AC02C6500865B80 /* ModelData.swift */,
			);
			path = Models;
			sourceTree = "<group>";
		};
		F53D81472AC1367400865B80 /* Reader */ = {
			isa = PBXGroup;
			children = (
				F547D0E52AC56F89006D2216 /* EditableText.swift */,
				F5C379082AC44BFF00C88C94 /* PaperInfo.swift */,
				F53D814A2AC1385300865B80 /* PaperReader.swift */,
				F5CF433F2ADC4361004F1A16 /* PaperReaderContent.swift */,
				F5FDF8E62AD6D968001D9460 /* PDFKitThumbnailView.swift */,
				F53D81482AC1369200865B80 /* PDFKitView.swift */,
				F578D8202AD78ABE00322819 /* PDFOutlineView.swift */,
				F5FDF8E22AD6CA08001D9460 /* PDFReader.swift */,
				F517100C2ADD690A002E2D79 /* TimerView.swift */,
			);
			path = Reader;
			sourceTree = "<group>";
		};
		F53EA70C2ADFCDAE00B97EB0 /* Utils */ = {
			isa = PBXGroup;
			children = (
				F53EA70D2ADFCDC900B97EB0 /* Pasteboard.swift */,
				F53EA70F2ADFCEC300B97EB0 /* URL.swift */,
			);
			path = Utils;
			sourceTree = "<group>";
		};
		F5B2A8942ADE2C110088428C /* Networking */ = {
			isa = PBXGroup;
			children = (
				F5B2A8952ADE2C1C0088428C /* NetworkingError.swift */,
			);
			path = Networking;
			sourceTree = "<group>";
		};
		F5D8EEE72AD42D3600501B0E /* User */ = {
			isa = PBXGroup;
			children = (
				27ED7C792AD3B6540069F24C /* AccountView.swift */,
				F50DE2B02ADCB8680016D0B6 /* AvatarView.swift */,
				F5D8EEEC2AD42D5100501B0E /* LoginView.swift */,
			);
			path = User;
			sourceTree = "<group>";
		};
		F5D8EEFB2AD4F60B00501B0E /* Constants */ = {
			isa = PBXGroup;
			children = (
				F5D8EF002AD4F62E00501B0E /* AppStorageKey.swift */,
				F51710102ADD78AC002E2D79 /* HighlighterColor.swift */,
			);
			path = Constants;
			sourceTree = "<group>";
		};
		F5EBC0A52ABFD98E00B2B4A3 = {
			isa = PBXGroup;
			children = (
				F5EBC0B02ABFD98E00B2B4A3 /* PaperPilot */,
				F5EBC0AF2ABFD98E00B2B4A3 /* Products */,
				279F2D1F2AC8364500FEA9D8 /* proto */,
				279F2D262AC8398A00FEA9D8 /* Localizable.xcstrings */,
				27293A652AD2CE2500A98E13 /* team.xcconfig */,
			);
			sourceTree = "<group>";
		};
		F5EBC0AF2ABFD98E00B2B4A3 /* Products */ = {
			isa = PBXGroup;
			children = (
				F5EBC0AE2ABFD98E00B2B4A3 /* PaperPilot.app */,
			);
			name = Products;
			sourceTree = "<group>";
		};
		F5EBC0B02ABFD98E00B2B4A3 /* PaperPilot */ = {
			isa = PBXGroup;
			children = (
				F578D8242AD7B1F800322819 /* Info.plist */,
				F5EBC0B12ABFD98E00B2B4A3 /* PaperPilotApp.swift */,
				F5B2A8942ADE2C110088428C /* Networking */,
				272423CF2AD677A8001748AC /* API */,
				F5D8EEFB2AD4F60B00501B0E /* Constants */,
				F53D813E2AC02A6B00865B80 /* Models */,
				76C15CB92AD82A9500614902 /* ViewModel */,
				F5EBC0C22ABFDF5500B2B4A3 /* Views */,
				F53EA70C2ADFCDAE00B97EB0 /* Utils */,
				F5EBC0B52ABFD99000B2B4A3 /* Assets.xcassets */,
				F51A90C02AC19A5A00C26598 /* PaperPilot.entitlements */,
				F5EBC0B82ABFD99000B2B4A3 /* Preview Content */,
			);
			path = PaperPilot;
			sourceTree = "<group>";
		};
		F5EBC0B82ABFD99000B2B4A3 /* Preview Content */ = {
			isa = PBXGroup;
			children = (
				F5FDF8EC2AD6DDB3001D9460 /* sample.pdf */,
				F5EBC0B92ABFD99000B2B4A3 /* Preview Assets.xcassets */,
			);
			path = "Preview Content";
			sourceTree = "<group>";
		};
		F5EBC0C22ABFDF5500B2B4A3 /* Views */ = {
			isa = PBXGroup;
			children = (
				F5EBC0B32ABFD98E00B2B4A3 /* ContentView.swift */,
				F5145E822AD58332001860E0 /* ImageTitleDialog.swift */,
				F5EBC0C32ABFE16600B2B4A3 /* Projects */,
				F53D81472AC1367400865B80 /* Reader */,
				F5D8EEE72AD42D3600501B0E /* User */,
				F53D81452AC038A700865B80 /* TagView.swift */,
				F59AD1022ACB0CA200DFABCC /* AddTagView.swift */,
				F53EA7132ADFD91C00B97EB0 /* LaunchScreen.storyboard */,
			);
			path = Views;
			sourceTree = "<group>";
		};
		F5EBC0C32ABFE16600B2B4A3 /* Projects */ = {
			isa = PBXGroup;
			children = (
				F5145E702AD5388E001860E0 /* ProjectCreateEditView.swift */,
				F5EBC0C42ABFE19600B2B4A3 /* ProjectDetail.swift */,
				F5145E7A2AD57863001860E0 /* AddPaperView.swift */,
				F5145E7E2AD58275001860E0 /* AddPaperByURLView.swift */,
				F5145E842AD59172001860E0 /* NewPaperInfoView.swift */,
			);
			path = Projects;
			sourceTree = "<group>";
		};
/* End PBXGroup section */

/* Begin PBXNativeTarget section */
		F5EBC0AD2ABFD98E00B2B4A3 /* PaperPilot */ = {
			isa = PBXNativeTarget;
			buildConfigurationList = F5EBC0BD2ABFD99000B2B4A3 /* Build configuration list for PBXNativeTarget "PaperPilot" */;
			buildPhases = (
				F5EBC0AA2ABFD98E00B2B4A3 /* Sources */,
				F5EBC0AB2ABFD98E00B2B4A3 /* Frameworks */,
				F5EBC0AC2ABFD98E00B2B4A3 /* Resources */,
			);
			buildRules = (
			);
			dependencies = (
				F5D825282ACC61330031F00D /* PBXTargetDependency */,
				279F2D092AC82A8A00FEA9D8 /* PBXTargetDependency */,
				279F2D052AC82A7800FEA9D8 /* PBXTargetDependency */,
				279F2CEE2AC8240900FEA9D8 /* PBXTargetDependency */,
				278201142AC8199000D8BA05 /* PBXTargetDependency */,
			);
			name = PaperPilot;
			packageProductDependencies = (
				F5C378FF2AC41EDA00C88C94 /* CGRPCZlib */,
				F5C379012AC41EDA00C88C94 /* GRPC */,
				F5C379032AC41EDA00C88C94 /* protoc-gen-grpc-swift */,
				F547D0DC2AC52A6F006D2216 /* SwiftUIFlow */,
				279F2CFC2AC8276600FEA9D8 /* SwiftProtobuf */,
				279F2CFE2AC8276600FEA9D8 /* SwiftProtobufPluginLibrary */,
				279F2D002AC8276600FEA9D8 /* protoc-gen-swift */,
				F5D8EEF32AD4559300501B0E /* SimpleCodable */,
				F5CF43332ADC1FB6004F1A16 /* WindowManagement */,
			);
			productName = PaperPilot;
			productReference = F5EBC0AE2ABFD98E00B2B4A3 /* PaperPilot.app */;
			productType = "com.apple.product-type.application";
		};
/* End PBXNativeTarget section */

/* Begin PBXProject section */
		F5EBC0A62ABFD98E00B2B4A3 /* Project object */ = {
			isa = PBXProject;
			attributes = {
				BuildIndependentTargetsInParallel = 1;
				LastSwiftUpdateCheck = 1500;
				LastUpgradeCheck = 1500;
				TargetAttributes = {
					F5EBC0AD2ABFD98E00B2B4A3 = {
						CreatedOnToolsVersion = 15.0;
					};
				};
			};
			buildConfigurationList = F5EBC0A92ABFD98E00B2B4A3 /* Build configuration list for PBXProject "PaperPilot" */;
			compatibilityVersion = "Xcode 14.0";
			developmentRegion = en;
			hasScannedForEncodings = 0;
			knownRegions = (
				en,
				Base,
				"zh-Hans",
			);
			mainGroup = F5EBC0A52ABFD98E00B2B4A3;
			packageReferences = (
				F5C378FE2AC41EDA00C88C94 /* XCRemoteSwiftPackageReference "grpc-swift" */,
				F547D0DB2AC52A6F006D2216 /* XCRemoteSwiftPackageReference "SwiftUIFlow" */,
				279F2CFB2AC8276600FEA9D8 /* XCRemoteSwiftPackageReference "swift-protobuf" */,
				F5D825262ACC60A60031F00D /* XCRemoteSwiftPackageReference "SwiftLint" */,
				F5D8EEF22AD4559300501B0E /* XCRemoteSwiftPackageReference "SimpleCodableMacro" */,
				F5CF43322ADC1FB6004F1A16 /* XCRemoteSwiftPackageReference "SwiftUI-WindowManagement" */,
			);
			productRefGroup = F5EBC0AF2ABFD98E00B2B4A3 /* Products */;
			projectDirPath = "";
			projectRoot = "";
			targets = (
				F5EBC0AD2ABFD98E00B2B4A3 /* PaperPilot */,
			);
		};
/* End PBXProject section */

/* Begin PBXResourcesBuildPhase section */
		F5EBC0AC2ABFD98E00B2B4A3 /* Resources */ = {
			isa = PBXResourcesBuildPhase;
			buildActionMask = 2147483647;
			files = (
				F5EBC0BA2ABFD99000B2B4A3 /* Preview Assets.xcassets in Resources */,
				279F2D272AC8398A00FEA9D8 /* Localizable.xcstrings in Resources */,
				F5FDF8ED2AD6DDB3001D9460 /* sample.pdf in Resources */,
				279F2D232AC8364500FEA9D8 /* swift-protobuf-config.json in Resources */,
				F53EA7142ADFD91C00B97EB0 /* LaunchScreen.storyboard in Resources */,
				F5EBC0B62ABFD99000B2B4A3 /* Assets.xcassets in Resources */,
				279F2D222AC8364500FEA9D8 /* grpc-swift-config.json in Resources */,
			);
			runOnlyForDeploymentPostprocessing = 0;
		};
/* End PBXResourcesBuildPhase section */

/* Begin PBXSourcesBuildPhase section */
		F5EBC0AA2ABFD98E00B2B4A3 /* Sources */ = {
			isa = PBXSourcesBuildPhase;
			buildActionMask = 2147483647;
			files = (
				F5EBC0C52ABFE19600B2B4A3 /* ProjectDetail.swift in Sources */,
				F5FDF8E72AD6D968001D9460 /* PDFKitThumbnailView.swift in Sources */,
				F53D814B2AC1385300865B80 /* PaperReader.swift in Sources */,
				F5145E852AD59172001860E0 /* NewPaperInfoView.swift in Sources */,
				F578D8212AD78ABE00322819 /* PDFOutlineView.swift in Sources */,
				F5FDF8E32AD6CA08001D9460 /* PDFReader.swift in Sources */,
				F5145E7B2AD57863001860E0 /* AddPaperView.swift in Sources */,
				F53EA7102ADFCEC300B97EB0 /* URL.swift in Sources */,
				F5B2A8962ADE2C1C0088428C /* NetworkingError.swift in Sources */,
				F50DE2B12ADCB8680016D0B6 /* AvatarView.swift in Sources */,
				F5EBC0B42ABFD98E00B2B4A3 /* ContentView.swift in Sources */,
				F5CF43402ADC4361004F1A16 /* PaperReaderContent.swift in Sources */,
				F5D8EEED2AD42D5100501B0E /* LoginView.swift in Sources */,
				F5145E712AD5388E001860E0 /* ProjectCreateEditView.swift in Sources */,
				F53D81422AC02AF800865B80 /* Paper.swift in Sources */,
				27ED7C7A2AD3B6540069F24C /* AccountView.swift in Sources */,
				F547D0E62AC56F89006D2216 /* EditableText.swift in Sources */,
				F517100D2ADD690A002E2D79 /* TimerView.swift in Sources */,
				76C15CBF2AD82AB300614902 /* LoginViewModel.swift in Sources */,
				F53D81492AC1369200865B80 /* PDFKitView.swift in Sources */,
				F5EBC0B22ABFD98E00B2B4A3 /* PaperPilotApp.swift in Sources */,
				F5145E832AD58332001860E0 /* ImageTitleDialog.swift in Sources */,
				F53D81402AC02A7A00865B80 /* Project.swift in Sources */,
				F5145E7F2AD58275001860E0 /* AddPaperByURLView.swift in Sources */,
				F59AD1032ACB0CA200DFABCC /* AddTagView.swift in Sources */,
				272423D32AD677F9001748AC /* API.swift in Sources */,
				F53D81442AC02C6500865B80 /* ModelData.swift in Sources */,
				F5D8EF012AD4F62E00501B0E /* AppStorageKey.swift in Sources */,
				F5C379092AC44BFF00C88C94 /* PaperInfo.swift in Sources */,
				F53D81462AC038A700865B80 /* TagView.swift in Sources */,
				F5B2A89C2ADEE4410088428C /* DownloadViewModel.swift in Sources */,
				F51710112ADD78AC002E2D79 /* HighlighterColor.swift in Sources */,
				F5E4B2A82ADB81F000F50EDA /* Bookmark.swift in Sources */,
				F53EA70E2ADFCDC900B97EB0 /* Pasteboard.swift in Sources */,
			);
			runOnlyForDeploymentPostprocessing = 0;
		};
/* End PBXSourcesBuildPhase section */

/* Begin PBXTargetDependency section */
		278201142AC8199000D8BA05 /* PBXTargetDependency */ = {
			isa = PBXTargetDependency;
			productRef = 278201132AC8199000D8BA05 /* GRPCSwiftPlugin */;
		};
		279F2CEE2AC8240900FEA9D8 /* PBXTargetDependency */ = {
			isa = PBXTargetDependency;
			productRef = 279F2CED2AC8240900FEA9D8 /* SwiftProtobufPlugin */;
		};
		279F2D052AC82A7800FEA9D8 /* PBXTargetDependency */ = {
			isa = PBXTargetDependency;
			productRef = 279F2D042AC82A7800FEA9D8 /* protoc-gen-swift */;
		};
		279F2D092AC82A8A00FEA9D8 /* PBXTargetDependency */ = {
			isa = PBXTargetDependency;
			productRef = 279F2D082AC82A8A00FEA9D8 /* protoc-gen-grpc-swift */;
		};
		F5D825282ACC61330031F00D /* PBXTargetDependency */ = {
			isa = PBXTargetDependency;
			productRef = F5D825272ACC61330031F00D /* SwiftLintPlugin */;
		};
/* End PBXTargetDependency section */

/* Begin XCBuildConfiguration section */
		F5EBC0BB2ABFD99000B2B4A3 /* Debug */ = {
			isa = XCBuildConfiguration;
			baseConfigurationReference = 27293A652AD2CE2500A98E13 /* team.xcconfig */;
			buildSettings = {
				ALWAYS_SEARCH_USER_PATHS = NO;
				ASSETCATALOG_COMPILER_GENERATE_SWIFT_ASSET_SYMBOL_EXTENSIONS = YES;
				CLANG_ANALYZER_NONNULL = YES;
				CLANG_ANALYZER_NUMBER_OBJECT_CONVERSION = YES_AGGRESSIVE;
				CLANG_CXX_LANGUAGE_STANDARD = "gnu++20";
				CLANG_ENABLE_MODULES = YES;
				CLANG_ENABLE_OBJC_ARC = YES;
				CLANG_ENABLE_OBJC_WEAK = YES;
				CLANG_WARN_BLOCK_CAPTURE_AUTORELEASING = YES;
				CLANG_WARN_BOOL_CONVERSION = YES;
				CLANG_WARN_COMMA = YES;
				CLANG_WARN_CONSTANT_CONVERSION = YES;
				CLANG_WARN_DEPRECATED_OBJC_IMPLEMENTATIONS = YES;
				CLANG_WARN_DIRECT_OBJC_ISA_USAGE = YES_ERROR;
				CLANG_WARN_DOCUMENTATION_COMMENTS = YES;
				CLANG_WARN_EMPTY_BODY = YES;
				CLANG_WARN_ENUM_CONVERSION = YES;
				CLANG_WARN_INFINITE_RECURSION = YES;
				CLANG_WARN_INT_CONVERSION = YES;
				CLANG_WARN_NON_LITERAL_NULL_CONVERSION = YES;
				CLANG_WARN_OBJC_IMPLICIT_RETAIN_SELF = YES;
				CLANG_WARN_OBJC_LITERAL_CONVERSION = YES;
				CLANG_WARN_OBJC_ROOT_CLASS = YES_ERROR;
				CLANG_WARN_QUOTED_INCLUDE_IN_FRAMEWORK_HEADER = YES;
				CLANG_WARN_RANGE_LOOP_ANALYSIS = YES;
				CLANG_WARN_STRICT_PROTOTYPES = YES;
				CLANG_WARN_SUSPICIOUS_MOVE = YES;
				CLANG_WARN_UNGUARDED_AVAILABILITY = YES_AGGRESSIVE;
				CLANG_WARN_UNREACHABLE_CODE = YES;
				CLANG_WARN__DUPLICATE_METHOD_MATCH = YES;
				COPY_PHASE_STRIP = NO;
				DEBUG_INFORMATION_FORMAT = dwarf;
				ENABLE_STRICT_OBJC_MSGSEND = YES;
				ENABLE_TESTABILITY = YES;
				ENABLE_USER_SCRIPT_SANDBOXING = YES;
				GCC_C_LANGUAGE_STANDARD = gnu17;
				GCC_DYNAMIC_NO_PIC = NO;
				GCC_NO_COMMON_BLOCKS = YES;
				GCC_OPTIMIZATION_LEVEL = 0;
				GCC_PREPROCESSOR_DEFINITIONS = (
					"DEBUG=1",
					"$(inherited)",
				);
				GCC_WARN_64_TO_32_BIT_CONVERSION = YES;
				GCC_WARN_ABOUT_RETURN_TYPE = YES_ERROR;
				GCC_WARN_UNDECLARED_SELECTOR = YES;
				GCC_WARN_UNINITIALIZED_AUTOS = YES_AGGRESSIVE;
				GCC_WARN_UNUSED_FUNCTION = YES;
				GCC_WARN_UNUSED_VARIABLE = YES;
				LOCALIZATION_PREFERS_STRING_CATALOGS = YES;
				MTL_ENABLE_DEBUG_INFO = INCLUDE_SOURCE;
				MTL_FAST_MATH = YES;
				ONLY_ACTIVE_ARCH = YES;
				SWIFT_ACTIVE_COMPILATION_CONDITIONS = "DEBUG $(inherited)";
				SWIFT_OPTIMIZATION_LEVEL = "-Onone";
			};
			name = Debug;
		};
		F5EBC0BC2ABFD99000B2B4A3 /* Release */ = {
			isa = XCBuildConfiguration;
			baseConfigurationReference = 27293A652AD2CE2500A98E13 /* team.xcconfig */;
			buildSettings = {
				ALWAYS_SEARCH_USER_PATHS = NO;
				ASSETCATALOG_COMPILER_GENERATE_SWIFT_ASSET_SYMBOL_EXTENSIONS = YES;
				CLANG_ANALYZER_NONNULL = YES;
				CLANG_ANALYZER_NUMBER_OBJECT_CONVERSION = YES_AGGRESSIVE;
				CLANG_CXX_LANGUAGE_STANDARD = "gnu++20";
				CLANG_ENABLE_MODULES = YES;
				CLANG_ENABLE_OBJC_ARC = YES;
				CLANG_ENABLE_OBJC_WEAK = YES;
				CLANG_WARN_BLOCK_CAPTURE_AUTORELEASING = YES;
				CLANG_WARN_BOOL_CONVERSION = YES;
				CLANG_WARN_COMMA = YES;
				CLANG_WARN_CONSTANT_CONVERSION = YES;
				CLANG_WARN_DEPRECATED_OBJC_IMPLEMENTATIONS = YES;
				CLANG_WARN_DIRECT_OBJC_ISA_USAGE = YES_ERROR;
				CLANG_WARN_DOCUMENTATION_COMMENTS = YES;
				CLANG_WARN_EMPTY_BODY = YES;
				CLANG_WARN_ENUM_CONVERSION = YES;
				CLANG_WARN_INFINITE_RECURSION = YES;
				CLANG_WARN_INT_CONVERSION = YES;
				CLANG_WARN_NON_LITERAL_NULL_CONVERSION = YES;
				CLANG_WARN_OBJC_IMPLICIT_RETAIN_SELF = YES;
				CLANG_WARN_OBJC_LITERAL_CONVERSION = YES;
				CLANG_WARN_OBJC_ROOT_CLASS = YES_ERROR;
				CLANG_WARN_QUOTED_INCLUDE_IN_FRAMEWORK_HEADER = YES;
				CLANG_WARN_RANGE_LOOP_ANALYSIS = YES;
				CLANG_WARN_STRICT_PROTOTYPES = YES;
				CLANG_WARN_SUSPICIOUS_MOVE = YES;
				CLANG_WARN_UNGUARDED_AVAILABILITY = YES_AGGRESSIVE;
				CLANG_WARN_UNREACHABLE_CODE = YES;
				CLANG_WARN__DUPLICATE_METHOD_MATCH = YES;
				COPY_PHASE_STRIP = NO;
				DEBUG_INFORMATION_FORMAT = "dwarf-with-dsym";
				ENABLE_NS_ASSERTIONS = NO;
				ENABLE_STRICT_OBJC_MSGSEND = YES;
				ENABLE_USER_SCRIPT_SANDBOXING = YES;
				GCC_C_LANGUAGE_STANDARD = gnu17;
				GCC_NO_COMMON_BLOCKS = YES;
				GCC_WARN_64_TO_32_BIT_CONVERSION = YES;
				GCC_WARN_ABOUT_RETURN_TYPE = YES_ERROR;
				GCC_WARN_UNDECLARED_SELECTOR = YES;
				GCC_WARN_UNINITIALIZED_AUTOS = YES_AGGRESSIVE;
				GCC_WARN_UNUSED_FUNCTION = YES;
				GCC_WARN_UNUSED_VARIABLE = YES;
				LOCALIZATION_PREFERS_STRING_CATALOGS = YES;
				MTL_ENABLE_DEBUG_INFO = NO;
				MTL_FAST_MATH = YES;
				SWIFT_COMPILATION_MODE = wholemodule;
			};
			name = Release;
		};
		F5EBC0BE2ABFD99000B2B4A3 /* Debug */ = {
			isa = XCBuildConfiguration;
			buildSettings = {
				ASSETCATALOG_COMPILER_APPICON_NAME = AppIcon;
				ASSETCATALOG_COMPILER_GLOBAL_ACCENT_COLOR_NAME = AccentColor;
				CODE_SIGN_ENTITLEMENTS = PaperPilot/PaperPilot.entitlements;
				CODE_SIGN_IDENTITY = "Apple Development";
				"CODE_SIGN_IDENTITY[sdk=macosx*]" = "Apple Development";
				CODE_SIGN_STYLE = Automatic;
				CURRENT_PROJECT_VERSION = 1;
				DEVELOPMENT_ASSET_PATHS = "\"PaperPilot/Preview Content\"";
				ENABLE_HARDENED_RUNTIME = YES;
				ENABLE_PREVIEWS = YES;
				GENERATE_INFOPLIST_FILE = YES;
				INFOPLIST_FILE = PaperPilot/Info.plist;
				INFOPLIST_KEY_CFBundleDisplayName = "Paper Pilot";
				INFOPLIST_KEY_LSApplicationCategoryType = "public.app-category.education";
				"INFOPLIST_KEY_UIApplicationSceneManifest_Generation[sdk=iphoneos*]" = YES;
				"INFOPLIST_KEY_UIApplicationSceneManifest_Generation[sdk=iphonesimulator*]" = YES;
				"INFOPLIST_KEY_UIApplicationSupportsIndirectInputEvents[sdk=iphoneos*]" = YES;
				"INFOPLIST_KEY_UIApplicationSupportsIndirectInputEvents[sdk=iphonesimulator*]" = YES;
				"INFOPLIST_KEY_UILaunchScreen_Generation[sdk=iphoneos*]" = YES;
				"INFOPLIST_KEY_UILaunchScreen_Generation[sdk=iphonesimulator*]" = YES;
				INFOPLIST_KEY_UILaunchStoryboardName = LaunchScreen.storyboard;
				"INFOPLIST_KEY_UIStatusBarStyle[sdk=iphoneos*]" = UIStatusBarStyleDefault;
				"INFOPLIST_KEY_UIStatusBarStyle[sdk=iphonesimulator*]" = UIStatusBarStyleDefault;
				INFOPLIST_KEY_UISupportedInterfaceOrientations_iPad = "UIInterfaceOrientationPortrait UIInterfaceOrientationPortraitUpsideDown UIInterfaceOrientationLandscapeLeft UIInterfaceOrientationLandscapeRight";
				INFOPLIST_KEY_UISupportedInterfaceOrientations_iPhone = "UIInterfaceOrientationPortrait UIInterfaceOrientationLandscapeLeft UIInterfaceOrientationLandscapeRight";
				IPHONEOS_DEPLOYMENT_TARGET = 17.0;
				LD_RUNPATH_SEARCH_PATHS = "@executable_path/Frameworks";
				"LD_RUNPATH_SEARCH_PATHS[sdk=macosx*]" = "@executable_path/../Frameworks";
				MACOSX_DEPLOYMENT_TARGET = 14.0;
				MARKETING_VERSION = 1.0;
				PRODUCT_NAME = "$(TARGET_NAME)";
				PROVISIONING_PROFILE_SPECIFIER = "";
				SDKROOT = auto;
				SUPPORTED_PLATFORMS = "iphoneos iphonesimulator macosx";
				SUPPORTS_MACCATALYST = NO;
				SWIFT_EMIT_LOC_STRINGS = YES;
				SWIFT_VERSION = 5.0;
				TARGETED_DEVICE_FAMILY = 2;
			};
			name = Debug;
		};
		F5EBC0BF2ABFD99000B2B4A3 /* Release */ = {
			isa = XCBuildConfiguration;
			buildSettings = {
				ASSETCATALOG_COMPILER_APPICON_NAME = AppIcon;
				ASSETCATALOG_COMPILER_GLOBAL_ACCENT_COLOR_NAME = AccentColor;
				CODE_SIGN_ENTITLEMENTS = PaperPilot/PaperPilot.entitlements;
				CODE_SIGN_IDENTITY = "Apple Development";
				"CODE_SIGN_IDENTITY[sdk=macosx*]" = "Apple Development";
				CODE_SIGN_STYLE = Automatic;
				CURRENT_PROJECT_VERSION = 1;
				DEVELOPMENT_ASSET_PATHS = "\"PaperPilot/Preview Content\"";
				ENABLE_HARDENED_RUNTIME = YES;
				ENABLE_PREVIEWS = YES;
				GENERATE_INFOPLIST_FILE = YES;
				INFOPLIST_FILE = PaperPilot/Info.plist;
				INFOPLIST_KEY_CFBundleDisplayName = "Paper Pilot";
				INFOPLIST_KEY_LSApplicationCategoryType = "public.app-category.education";
				"INFOPLIST_KEY_UIApplicationSceneManifest_Generation[sdk=iphoneos*]" = YES;
				"INFOPLIST_KEY_UIApplicationSceneManifest_Generation[sdk=iphonesimulator*]" = YES;
				"INFOPLIST_KEY_UIApplicationSupportsIndirectInputEvents[sdk=iphoneos*]" = YES;
				"INFOPLIST_KEY_UIApplicationSupportsIndirectInputEvents[sdk=iphonesimulator*]" = YES;
				"INFOPLIST_KEY_UILaunchScreen_Generation[sdk=iphoneos*]" = YES;
				"INFOPLIST_KEY_UILaunchScreen_Generation[sdk=iphonesimulator*]" = YES;
				INFOPLIST_KEY_UILaunchStoryboardName = LaunchScreen.storyboard;
				"INFOPLIST_KEY_UIStatusBarStyle[sdk=iphoneos*]" = UIStatusBarStyleDefault;
				"INFOPLIST_KEY_UIStatusBarStyle[sdk=iphonesimulator*]" = UIStatusBarStyleDefault;
				INFOPLIST_KEY_UISupportedInterfaceOrientations_iPad = "UIInterfaceOrientationPortrait UIInterfaceOrientationPortraitUpsideDown UIInterfaceOrientationLandscapeLeft UIInterfaceOrientationLandscapeRight";
				INFOPLIST_KEY_UISupportedInterfaceOrientations_iPhone = "UIInterfaceOrientationPortrait UIInterfaceOrientationLandscapeLeft UIInterfaceOrientationLandscapeRight";
				IPHONEOS_DEPLOYMENT_TARGET = 17.0;
				LD_RUNPATH_SEARCH_PATHS = "@executable_path/Frameworks";
				"LD_RUNPATH_SEARCH_PATHS[sdk=macosx*]" = "@executable_path/../Frameworks";
				MACOSX_DEPLOYMENT_TARGET = 14.0;
				MARKETING_VERSION = 1.0;
				PRODUCT_NAME = "$(TARGET_NAME)";
				PROVISIONING_PROFILE_SPECIFIER = "";
				SDKROOT = auto;
				SUPPORTED_PLATFORMS = "iphoneos iphonesimulator macosx";
				SUPPORTS_MACCATALYST = NO;
				SWIFT_EMIT_LOC_STRINGS = YES;
				SWIFT_VERSION = 5.0;
				TARGETED_DEVICE_FAMILY = 2;
			};
			name = Release;
		};
/* End XCBuildConfiguration section */

/* Begin XCConfigurationList section */
		F5EBC0A92ABFD98E00B2B4A3 /* Build configuration list for PBXProject "PaperPilot" */ = {
			isa = XCConfigurationList;
			buildConfigurations = (
				F5EBC0BB2ABFD99000B2B4A3 /* Debug */,
				F5EBC0BC2ABFD99000B2B4A3 /* Release */,
			);
			defaultConfigurationIsVisible = 0;
			defaultConfigurationName = Release;
		};
		F5EBC0BD2ABFD99000B2B4A3 /* Build configuration list for PBXNativeTarget "PaperPilot" */ = {
			isa = XCConfigurationList;
			buildConfigurations = (
				F5EBC0BE2ABFD99000B2B4A3 /* Debug */,
				F5EBC0BF2ABFD99000B2B4A3 /* Release */,
			);
			defaultConfigurationIsVisible = 0;
			defaultConfigurationName = Release;
		};
/* End XCConfigurationList section */

/* Begin XCRemoteSwiftPackageReference section */
		279F2CE62AC823F000FEA9D8 /* XCRemoteSwiftPackageReference "swift-protobuf" */ = {
			isa = XCRemoteSwiftPackageReference;
			repositoryURL = "https://github.com/apple/swift-protobuf.git";
			requirement = {
				kind = upToNextMajorVersion;
				minimumVersion = 1.23.0;
			};
		};
		279F2CFB2AC8276600FEA9D8 /* XCRemoteSwiftPackageReference "swift-protobuf" */ = {
			isa = XCRemoteSwiftPackageReference;
			repositoryURL = "https://github.com/apple/swift-protobuf.git";
			requirement = {
				kind = exactVersion;
				version = 1.23.0;
			};
		};
		F547D0DB2AC52A6F006D2216 /* XCRemoteSwiftPackageReference "SwiftUIFlow" */ = {
			isa = XCRemoteSwiftPackageReference;
			repositoryURL = "https://github.com/ciaranrobrien/SwiftUIFlow.git";
			requirement = {
				branch = main;
				kind = branch;
			};
		};
		F5C378FE2AC41EDA00C88C94 /* XCRemoteSwiftPackageReference "grpc-swift" */ = {
			isa = XCRemoteSwiftPackageReference;
			repositoryURL = "https://github.com/grpc/grpc-swift.git";
			requirement = {
				kind = upToNextMajorVersion;
				minimumVersion = 1.19.1;
			};
		};
		F5CF43322ADC1FB6004F1A16 /* XCRemoteSwiftPackageReference "SwiftUI-WindowManagement" */ = {
			isa = XCRemoteSwiftPackageReference;
			repositoryURL = "https://github.com/Wouter01/SwiftUI-WindowManagement.git";
			requirement = {
				kind = upToNextMajorVersion;
				minimumVersion = 2.1.1;
			};
		};
		F5D825262ACC60A60031F00D /* XCRemoteSwiftPackageReference "SwiftLint" */ = {
			isa = XCRemoteSwiftPackageReference;
			repositoryURL = "https://github.com/realm/SwiftLint";
			requirement = {
				kind = upToNextMajorVersion;
				minimumVersion = 0.53.0;
			};
		};
		F5D8EEF22AD4559300501B0E /* XCRemoteSwiftPackageReference "SimpleCodableMacro" */ = {
			isa = XCRemoteSwiftPackageReference;
			repositoryURL = "https://github.com/Events-Mate-Apps/SimpleCodableMacro.git";
			requirement = {
				kind = upToNextMajorVersion;
				minimumVersion = 0.0.1;
			};
		};
/* End XCRemoteSwiftPackageReference section */

/* Begin XCSwiftPackageProductDependency section */
		278201132AC8199000D8BA05 /* GRPCSwiftPlugin */ = {
			isa = XCSwiftPackageProductDependency;
			package = F5C378FE2AC41EDA00C88C94 /* XCRemoteSwiftPackageReference "grpc-swift" */;
			productName = "plugin:GRPCSwiftPlugin";
		};
		279F2CED2AC8240900FEA9D8 /* SwiftProtobufPlugin */ = {
			isa = XCSwiftPackageProductDependency;
			package = 279F2CE62AC823F000FEA9D8 /* XCRemoteSwiftPackageReference "swift-protobuf" */;
			productName = "plugin:SwiftProtobufPlugin";
		};
		279F2CFC2AC8276600FEA9D8 /* SwiftProtobuf */ = {
			isa = XCSwiftPackageProductDependency;
			package = 279F2CFB2AC8276600FEA9D8 /* XCRemoteSwiftPackageReference "swift-protobuf" */;
			productName = SwiftProtobuf;
		};
		279F2CFE2AC8276600FEA9D8 /* SwiftProtobufPluginLibrary */ = {
			isa = XCSwiftPackageProductDependency;
			package = 279F2CFB2AC8276600FEA9D8 /* XCRemoteSwiftPackageReference "swift-protobuf" */;
			productName = SwiftProtobufPluginLibrary;
		};
		279F2D002AC8276600FEA9D8 /* protoc-gen-swift */ = {
			isa = XCSwiftPackageProductDependency;
			package = 279F2CFB2AC8276600FEA9D8 /* XCRemoteSwiftPackageReference "swift-protobuf" */;
			productName = "protoc-gen-swift";
		};
		279F2D042AC82A7800FEA9D8 /* protoc-gen-swift */ = {
			isa = XCSwiftPackageProductDependency;
			package = 279F2CFB2AC8276600FEA9D8 /* XCRemoteSwiftPackageReference "swift-protobuf" */;
			productName = "protoc-gen-swift";
		};
		279F2D082AC82A8A00FEA9D8 /* protoc-gen-grpc-swift */ = {
			isa = XCSwiftPackageProductDependency;
			package = F5C378FE2AC41EDA00C88C94 /* XCRemoteSwiftPackageReference "grpc-swift" */;
			productName = "protoc-gen-grpc-swift";
		};
		F547D0DC2AC52A6F006D2216 /* SwiftUIFlow */ = {
			isa = XCSwiftPackageProductDependency;
			package = F547D0DB2AC52A6F006D2216 /* XCRemoteSwiftPackageReference "SwiftUIFlow" */;
			productName = SwiftUIFlow;
		};
		F5C378FF2AC41EDA00C88C94 /* CGRPCZlib */ = {
			isa = XCSwiftPackageProductDependency;
			package = F5C378FE2AC41EDA00C88C94 /* XCRemoteSwiftPackageReference "grpc-swift" */;
			productName = CGRPCZlib;
		};
		F5C379012AC41EDA00C88C94 /* GRPC */ = {
			isa = XCSwiftPackageProductDependency;
			package = F5C378FE2AC41EDA00C88C94 /* XCRemoteSwiftPackageReference "grpc-swift" */;
			productName = GRPC;
		};
		F5C379032AC41EDA00C88C94 /* protoc-gen-grpc-swift */ = {
			isa = XCSwiftPackageProductDependency;
			package = F5C378FE2AC41EDA00C88C94 /* XCRemoteSwiftPackageReference "grpc-swift" */;
			productName = "protoc-gen-grpc-swift";
		};
		F5CF43332ADC1FB6004F1A16 /* WindowManagement */ = {
			isa = XCSwiftPackageProductDependency;
			package = F5CF43322ADC1FB6004F1A16 /* XCRemoteSwiftPackageReference "SwiftUI-WindowManagement" */;
			productName = WindowManagement;
		};
		F5D825272ACC61330031F00D /* SwiftLintPlugin */ = {
			isa = XCSwiftPackageProductDependency;
			package = F5D825262ACC60A60031F00D /* XCRemoteSwiftPackageReference "SwiftLint" */;
			productName = "plugin:SwiftLintPlugin";
		};
		F5D8EEF32AD4559300501B0E /* SimpleCodable */ = {
			isa = XCSwiftPackageProductDependency;
			package = F5D8EEF22AD4559300501B0E /* XCRemoteSwiftPackageReference "SimpleCodableMacro" */;
			productName = SimpleCodable;
		};
/* End XCSwiftPackageProductDependency section */
	};
	rootObject = F5EBC0A62ABFD98E00B2B4A3 /* Project object */;
}
